# THIS IS AN AUTOGENERATED FILE. DO NOT EDIT THIS FILE DIRECTLY.
# yarn lockfile v1


sudo-prompt@^9.2.1:
  version "9.2.1"
  resolved "https://registry.yarnpkg.com/sudo-prompt/-/sudo-prompt-9.2.1.tgz#77efb84309c9ca489527a4e749f287e6bdd52afd"
  integrity sha512-Mu7R0g4ig9TUuGSxJavny5Rv0egCEtpZRNMrZaYS1vxkiIxGiGUwoezU3LazIQ+KE04hTrTfNPgxU5gzi7F5Pw==
